
Microsoft Visual Studio Solution File, Format Version 12.00
# Visual Studio 2013
VisualStudioVersion = 12.0.0.0
MinimumVisualStudioVersion = 10.0.0.1
Project("{8BB2217D-0F2D-49D1-97BC-3654ED321F3B}") = "scopuli.sqlite", "scopuli.sqlite\scopuli.sqlite.xproj", "{5FBC09EE-DE65-49F8-905D-614B4F5F5632}"
EndProject
Project("{8BB2217D-0F2D-49D1-97BC-3654ED321F3B}") = "scopuli.mysql", "scopuli.mysql\scopuli.mysql.xproj", "{824883AF-1717-4A67-9D90-EC3D3FC41C0B}"
EndProject
Project("{8BB2217D-0F2D-49D1-97BC-3654ED321F3B}") = "scopuli.common", "scopuli.common\scopuli.common.xproj", "{E7485C6C-D56D-42B6-BEF4-5458075FF5C9}"
EndProject
Global
	GlobalSection(SolutionConfigurationPlatforms) = preSolution
		Debug|Any CPU = Debug|Any CPU
		Release|Any CPU = Release|Any CPU
	EndGlobalSection
	GlobalSection(ProjectConfigurationPlatforms) = postSolution
		{5FBC09EE-DE65-49F8-905D-614B4F5F5632}.Debug|Any CPU.ActiveCfg = Debug|Any CPU
		{5FBC09EE-DE65-49F8-905D-614B4F5F5632}.Debug|Any CPU.Build.0 = Debug|Any CPU
		{5FBC09EE-DE65-49F8-905D-614B4F5F5632}.Release|Any CPU.ActiveCfg = Release|Any CPU
		{5FBC09EE-DE65-49F8-905D-614B4F5F5632}.Release|Any CPU.Build.0 = Release|Any CPU
		{824883AF-1717-4A67-9D90-EC3D3FC41C0B}.Debug|Any CPU.ActiveCfg = Debug|Any CPU
		{824883AF-1717-4A67-9D90-EC3D3FC41C0B}.Debug|Any CPU.Build.0 = Debug|Any CPU
		{824883AF-1717-4A67-9D90-EC3D3FC41C0B}.Release|Any CPU.ActiveCfg = Release|Any CPU
		{824883AF-1717-4A67-9D90-EC3D3FC41C0B}.Release|Any CPU.Build.0 = Release|Any CPU
		{E7485C6C-D56D-42B6-BEF4-5458075FF5C9}.Debug|Any CPU.ActiveCfg = Debug|Any CPU
		{E7485C6C-D56D-42B6-BEF4-5458075FF5C9}.Debug|Any CPU.Build.0 = Debug|Any CPU
		{E7485C6C-D56D-42B6-BEF4-5458075FF5C9}.Release|Any CPU.ActiveCfg = Release|Any CPU
		{E7485C6C-D56D-42B6-BEF4-5458075FF5C9}.Release|Any CPU.Build.0 = Release|Any CPU
	EndGlobalSection
	GlobalSection(SolutionProperties) = preSolution
		HideSolutionNode = FALSE
	EndGlobalSection
EndGlobal
